
Microsoft Visual Studio Solution File, Format Version 12.00
Project("{FAE04EC0-301F-11D3-BF4B-00C04F79EFBC}") = "ElixirControlPlatform.API", "ElixirControlPlatform.API\ElixirControlPlatform.API.csproj", "{EBAF15AB-00F0-4E50-A02A-3664BAD179CC}"
EndProject
Global
	GlobalSection(SolutionConfigurationPlatforms) = preSolution
		Debug|Any CPU = Debug|Any CPU
		Release|Any CPU = Release|Any CPU
	EndGlobalSection
	GlobalSection(ProjectConfigurationPlatforms) = postSolution
		{EBAF15AB-00F0-4E50-A02A-3664BAD179CC}.Debug|Any CPU.ActiveCfg = Debug|Any CPU
		{EBAF15AB-00F0-4E50-A02A-3664BAD179CC}.Debug|Any CPU.Build.0 = Debug|Any CPU
		{EBAF15AB-00F0-4E50-A02A-3664BAD179CC}.Release|Any CPU.ActiveCfg = Release|Any CPU
		{EBAF15AB-00F0-4E50-A02A-3664BAD179CC}.Release|Any CPU.Build.0 = Release|Any CPU
	EndGlobalSection
EndGlobal
